
Microsoft Visual Studio Solution File, Format Version 12.00
# Visual Studio Version 16
VisualStudioVersion = 16.0.29009.5
MinimumVisualStudioVersion = 15.0.26124.0
Project("{9A19103F-16F7-4668-BE54-9A1E7A4F7556}") = "Tool", "Tool\Tool.csproj", "{F8800636-B7D2-4B41-83AE-B14810DEC621}"
EndProject
Project("{9A19103F-16F7-4668-BE54-9A1E7A4F7556}") = "Jd.Sdk", "Jd.Sdk\Jd.Sdk.csproj", "{504DED67-37B5-4A67-83C5-1BB30863F8A5}"
EndProject
Project("{9A19103F-16F7-4668-BE54-9A1E7A4F7556}") = "Common", "Common\Common.csproj", "{6B4D8F0E-65AF-42E9-B3B7-C8F568B821B8}"
EndProject
Project("{9A19103F-16F7-4668-BE54-9A1E7A4F7556}") = "Test", "..\test\Test.csproj", "{939E8B05-6B61-405F-966A-B2E6DDB52FBC}"
EndProject
Global
	GlobalSection(SolutionConfigurationPlatforms) = preSolution
		Debug|Any CPU = Debug|Any CPU
		Debug|x64 = Debug|x64
		Debug|x86 = Debug|x86
		Release|Any CPU = Release|Any CPU
		Release|x64 = Release|x64
		Release|x86 = Release|x86
	EndGlobalSection
	GlobalSection(ProjectConfigurationPlatforms) = postSolution
		{F8800636-B7D2-4B41-83AE-B14810DEC621}.Debug|Any CPU.ActiveCfg = Debug|Any CPU
		{F8800636-B7D2-4B41-83AE-B14810DEC621}.Debug|Any CPU.Build.0 = Debug|Any CPU
		{F8800636-B7D2-4B41-83AE-B14810DEC621}.Debug|x64.ActiveCfg = Debug|Any CPU
		{F8800636-B7D2-4B41-83AE-B14810DEC621}.Debug|x64.Build.0 = Debug|Any CPU
		{F8800636-B7D2-4B41-83AE-B14810DEC621}.Debug|x86.ActiveCfg = Debug|Any CPU
		{F8800636-B7D2-4B41-83AE-B14810DEC621}.Debug|x86.Build.0 = Debug|Any CPU
		{F8800636-B7D2-4B41-83AE-B14810DEC621}.Release|Any CPU.ActiveCfg = Release|Any CPU
		{F8800636-B7D2-4B41-83AE-B14810DEC621}.Release|Any CPU.Build.0 = Release|Any CPU
		{F8800636-B7D2-4B41-83AE-B14810DEC621}.Release|x64.ActiveCfg = Release|Any CPU
		{F8800636-B7D2-4B41-83AE-B14810DEC621}.Release|x64.Build.0 = Release|Any CPU
		{F8800636-B7D2-4B41-83AE-B14810DEC621}.Release|x86.ActiveCfg = Release|Any CPU
		{F8800636-B7D2-4B41-83AE-B14810DEC621}.Release|x86.Build.0 = Release|Any CPU
		{504DED67-37B5-4A67-83C5-1BB30863F8A5}.Debug|Any CPU.ActiveCfg = Debug|Any CPU
		{504DED67-37B5-4A67-83C5-1BB30863F8A5}.Debug|Any CPU.Build.0 = Debug|Any CPU
		{504DED67-37B5-4A67-83C5-1BB30863F8A5}.Debug|x64.ActiveCfg = Debug|Any CPU
		{504DED67-37B5-4A67-83C5-1BB30863F8A5}.Debug|x64.Build.0 = Debug|Any CPU
		{504DED67-37B5-4A67-83C5-1BB30863F8A5}.Debug|x86.ActiveCfg = Debug|Any CPU
		{504DED67-37B5-4A67-83C5-1BB30863F8A5}.Debug|x86.Build.0 = Debug|Any CPU
		{504DED67-37B5-4A67-83C5-1BB30863F8A5}.Release|Any CPU.ActiveCfg = Release|Any CPU
		{504DED67-37B5-4A67-83C5-1BB30863F8A5}.Release|Any CPU.Build.0 = Release|Any CPU
		{504DED67-37B5-4A67-83C5-1BB30863F8A5}.Release|x64.ActiveCfg = Release|Any CPU
		{504DED67-37B5-4A67-83C5-1BB30863F8A5}.Release|x64.Build.0 = Release|Any CPU
		{504DED67-37B5-4A67-83C5-1BB30863F8A5}.Release|x86.ActiveCfg = Release|Any CPU
		{504DED67-37B5-4A67-83C5-1BB30863F8A5}.Release|x86.Build.0 = Release|Any CPU
		{6B4D8F0E-65AF-42E9-B3B7-C8F568B821B8}.Debug|Any CPU.ActiveCfg = Debug|Any CPU
		{6B4D8F0E-65AF-42E9-B3B7-C8F568B821B8}.Debug|Any CPU.Build.0 = Debug|Any CPU
		{6B4D8F0E-65AF-42E9-B3B7-C8F568B821B8}.Debug|x64.ActiveCfg = Debug|Any CPU
		{6B4D8F0E-65AF-42E9-B3B7-C8F568B821B8}.Debug|x64.Build.0 = Debug|Any CPU
		{6B4D8F0E-65AF-42E9-B3B7-C8F568B821B8}.Debug|x86.ActiveCfg = Debug|Any CPU
		{6B4D8F0E-65AF-42E9-B3B7-C8F568B821B8}.Debug|x86.Build.0 = Debug|Any CPU
		{6B4D8F0E-65AF-42E9-B3B7-C8F568B821B8}.Release|Any CPU.ActiveCfg = Release|Any CPU
		{6B4D8F0E-65AF-42E9-B3B7-C8F568B821B8}.Release|Any CPU.Build.0 = Release|Any CPU
		{6B4D8F0E-65AF-42E9-B3B7-C8F568B821B8}.Release|x64.ActiveCfg = Release|Any CPU
		{6B4D8F0E-65AF-42E9-B3B7-C8F568B821B8}.Release|x64.Build.0 = Release|Any CPU
		{6B4D8F0E-65AF-42E9-B3B7-C8F568B821B8}.Release|x86.ActiveCfg = Release|Any CPU
		{6B4D8F0E-65AF-42E9-B3B7-C8F568B821B8}.Release|x86.Build.0 = Release|Any CPU
		{939E8B05-6B61-405F-966A-B2E6DDB52FBC}.Debug|Any CPU.ActiveCfg = Debug|Any CPU
		{939E8B05-6B61-405F-966A-B2E6DDB52FBC}.Debug|Any CPU.Build.0 = Debug|Any CPU
		{939E8B05-6B61-405F-966A-B2E6DDB52FBC}.Debug|x64.ActiveCfg = Debug|Any CPU
		{939E8B05-6B61-405F-966A-B2E6DDB52FBC}.Debug|x64.Build.0 = Debug|Any CPU
		{939E8B05-6B61-405F-966A-B2E6DDB52FBC}.Debug|x86.ActiveCfg = Debug|Any CPU
		{939E8B05-6B61-405F-966A-B2E6DDB52FBC}.Debug|x86.Build.0 = Debug|Any CPU
		{939E8B05-6B61-405F-966A-B2E6DDB52FBC}.Release|Any CPU.ActiveCfg = Release|Any CPU
		{939E8B05-6B61-405F-966A-B2E6DDB52FBC}.Release|Any CPU.Build.0 = Release|Any CPU
		{939E8B05-6B61-405F-966A-B2E6DDB52FBC}.Release|x64.ActiveCfg = Release|Any CPU
		{939E8B05-6B61-405F-966A-B2E6DDB52FBC}.Release|x64.Build.0 = Release|Any CPU
		{939E8B05-6B61-405F-966A-B2E6DDB52FBC}.Release|x86.ActiveCfg = Release|Any CPU
		{939E8B05-6B61-405F-966A-B2E6DDB52FBC}.Release|x86.Build.0 = Release|Any CPU
	EndGlobalSection
	GlobalSection(SolutionProperties) = preSolution
		HideSolutionNode = FALSE
	EndGlobalSection
	GlobalSection(ExtensibilityGlobals) = postSolution
		SolutionGuid = {53D9B84C-F1BA-434D-8E6D-1B3AF1235127}
	EndGlobalSection
EndGlobal
